
Microsoft Visual Studio Solution File, Format Version 12.00
# Visual Studio 15
VisualStudioVersion = 15.0.28307.329
MinimumVisualStudioVersion = 10.0.40219.1
Project("{FAE04EC0-301F-11D3-BF4B-00C04F79EFBC}") = "WithinTheory", "WithinTheory\WithinTheory.csproj", "{0600E14F-A720-4C21-8048-E927A97F85BB}"
EndProject
Project("{FAE04EC0-301F-11D3-BF4B-00C04F79EFBC}") = "WithinTheory.Tests", "WithinTheory.Tests\WithinTheory.Tests.csproj", "{3A077C80-A151-4267-A764-ABB22E6F2168}"
EndProject
Global
	GlobalSection(SolutionConfigurationPlatforms) = preSolution
		Debug|Any CPU = Debug|Any CPU
		Release|Any CPU = Release|Any CPU
	EndGlobalSection
	GlobalSection(ProjectConfigurationPlatforms) = postSolution
		{0600E14F-A720-4C21-8048-E927A97F85BB}.Debug|Any CPU.ActiveCfg = Debug|Any CPU
		{0600E14F-A720-4C21-8048-E927A97F85BB}.Debug|Any CPU.Build.0 = Debug|Any CPU
		{0600E14F-A720-4C21-8048-E927A97F85BB}.Release|Any CPU.ActiveCfg = Release|Any CPU
		{0600E14F-A720-4C21-8048-E927A97F85BB}.Release|Any CPU.Build.0 = Release|Any CPU
		{3A077C80-A151-4267-A764-ABB22E6F2168}.Debug|Any CPU.ActiveCfg = Debug|Any CPU
		{3A077C80-A151-4267-A764-ABB22E6F2168}.Debug|Any CPU.Build.0 = Debug|Any CPU
		{3A077C80-A151-4267-A764-ABB22E6F2168}.Release|Any CPU.ActiveCfg = Release|Any CPU
		{3A077C80-A151-4267-A764-ABB22E6F2168}.Release|Any CPU.Build.0 = Release|Any CPU
	EndGlobalSection
	GlobalSection(SolutionProperties) = preSolution
		HideSolutionNode = FALSE
	EndGlobalSection
	GlobalSection(ExtensibilityGlobals) = postSolution
		SolutionGuid = {D82BF87B-5BFC-4FCF-A710-D298FC1ED5B7}
	EndGlobalSection
EndGlobal
